
Microsoft Visual Studio Solution File, Format Version 12.00
# Visual Studio Version 17
VisualStudioVersion = 17.8.34601.278
MinimumVisualStudioVersion = 10.0.40219.1
Project("{FAE04EC0-301F-11D3-BF4B-00C04F79EFBC}") = "xConsole.Logic", "xConsole.Logic.csproj", "{7A69F94C-47F2-487F-B84F-B1E8DA642DAF}"
EndProject
Global
	GlobalSection(SolutionConfigurationPlatforms) = preSolution
		Debug|Any CPU = Debug|Any CPU
		Release|Any CPU = Release|Any CPU
	EndGlobalSection
	GlobalSection(ProjectConfigurationPlatforms) = postSolution
		{7A69F94C-47F2-487F-B84F-B1E8DA642DAF}.Debug|Any CPU.ActiveCfg = Debug|Any CPU
		{7A69F94C-47F2-487F-B84F-B1E8DA642DAF}.Debug|Any CPU.Build.0 = Debug|Any CPU
		{7A69F94C-47F2-487F-B84F-B1E8DA642DAF}.Release|Any CPU.ActiveCfg = Release|Any CPU
		{7A69F94C-47F2-487F-B84F-B1E8DA642DAF}.Release|Any CPU.Build.0 = Release|Any CPU
	EndGlobalSection
	GlobalSection(SolutionProperties) = preSolution
		HideSolutionNode = FALSE
	EndGlobalSection
	GlobalSection(ExtensibilityGlobals) = postSolution
		SolutionGuid = {1BE75683-900B-4665-9EAA-879DFEE5F4A0}
	EndGlobalSection
EndGlobal
